
Microsoft Visual Studio Solution File, Format Version 12.00
# Visual Studio 14
VisualStudioVersion = 14.0.24720.0
MinimumVisualStudioVersion = 10.0.40219.1
Project("{FAE04EC0-301F-11D3-BF4B-00C04F79EFBC}") = "T1", "T1\T1.csproj", "{44AA2147-A5F4-4D84-A094-2E175AE22CF3}"
EndProject
Project("{FAE04EC0-301F-11D3-BF4B-00C04F79EFBC}") = "T2", "T2\T2.csproj", "{322D0628-C3BF-4CAB-832E-76FD9B7C1F80}"
EndProject
Project("{FAE04EC0-301F-11D3-BF4B-00C04F79EFBC}") = "T4", "T4\T4.csproj", "{68541B79-D00A-4462-813A-C67F6B71FACE}"
EndProject
Global
	GlobalSection(SolutionConfigurationPlatforms) = preSolution
		Debug|ARM = Debug|ARM
		Debug|x64 = Debug|x64
		Debug|x86 = Debug|x86
		Release|ARM = Release|ARM
		Release|x64 = Release|x64
		Release|x86 = Release|x86
	EndGlobalSection
	GlobalSection(ProjectConfigurationPlatforms) = postSolution
		{44AA2147-A5F4-4D84-A094-2E175AE22CF3}.Debug|ARM.ActiveCfg = Debug|ARM
		{44AA2147-A5F4-4D84-A094-2E175AE22CF3}.Debug|ARM.Build.0 = Debug|ARM
		{44AA2147-A5F4-4D84-A094-2E175AE22CF3}.Debug|ARM.Deploy.0 = Debug|ARM
		{44AA2147-A5F4-4D84-A094-2E175AE22CF3}.Debug|x64.ActiveCfg = Debug|x64
		{44AA2147-A5F4-4D84-A094-2E175AE22CF3}.Debug|x64.Build.0 = Debug|x64
		{44AA2147-A5F4-4D84-A094-2E175AE22CF3}.Debug|x64.Deploy.0 = Debug|x64
		{44AA2147-A5F4-4D84-A094-2E175AE22CF3}.Debug|x86.ActiveCfg = Debug|x86
		{44AA2147-A5F4-4D84-A094-2E175AE22CF3}.Debug|x86.Build.0 = Debug|x86
		{44AA2147-A5F4-4D84-A094-2E175AE22CF3}.Debug|x86.Deploy.0 = Debug|x86
		{44AA2147-A5F4-4D84-A094-2E175AE22CF3}.Release|ARM.ActiveCfg = Release|ARM
		{44AA2147-A5F4-4D84-A094-2E175AE22CF3}.Release|ARM.Build.0 = Release|ARM
		{44AA2147-A5F4-4D84-A094-2E175AE22CF3}.Release|ARM.Deploy.0 = Release|ARM
		{44AA2147-A5F4-4D84-A094-2E175AE22CF3}.Release|x64.ActiveCfg = Release|x64
		{44AA2147-A5F4-4D84-A094-2E175AE22CF3}.Release|x64.Build.0 = Release|x64
		{44AA2147-A5F4-4D84-A094-2E175AE22CF3}.Release|x64.Deploy.0 = Release|x64
		{44AA2147-A5F4-4D84-A094-2E175AE22CF3}.Release|x86.ActiveCfg = Release|x86
		{44AA2147-A5F4-4D84-A094-2E175AE22CF3}.Release|x86.Build.0 = Release|x86
		{44AA2147-A5F4-4D84-A094-2E175AE22CF3}.Release|x86.Deploy.0 = Release|x86
		{322D0628-C3BF-4CAB-832E-76FD9B7C1F80}.Debug|ARM.ActiveCfg = Debug|ARM
		{322D0628-C3BF-4CAB-832E-76FD9B7C1F80}.Debug|ARM.Build.0 = Debug|ARM
		{322D0628-C3BF-4CAB-832E-76FD9B7C1F80}.Debug|ARM.Deploy.0 = Debug|ARM
		{322D0628-C3BF-4CAB-832E-76FD9B7C1F80}.Debug|x64.ActiveCfg = Debug|x64
		{322D0628-C3BF-4CAB-832E-76FD9B7C1F80}.Debug|x64.Build.0 = Debug|x64
		{322D0628-C3BF-4CAB-832E-76FD9B7C1F80}.Debug|x64.Deploy.0 = Debug|x64
		{322D0628-C3BF-4CAB-832E-76FD9B7C1F80}.Debug|x86.ActiveCfg = Debug|x86
		{322D0628-C3BF-4CAB-832E-76FD9B7C1F80}.Debug|x86.Build.0 = Debug|x86
		{322D0628-C3BF-4CAB-832E-76FD9B7C1F80}.Debug|x86.Deploy.0 = Debug|x86
		{322D0628-C3BF-4CAB-832E-76FD9B7C1F80}.Release|ARM.ActiveCfg = Release|ARM
		{322D0628-C3BF-4CAB-832E-76FD9B7C1F80}.Release|ARM.Build.0 = Release|ARM
		{322D0628-C3BF-4CAB-832E-76FD9B7C1F80}.Release|ARM.Deploy.0 = Release|ARM
		{322D0628-C3BF-4CAB-832E-76FD9B7C1F80}.Release|x64.ActiveCfg = Release|x64
		{322D0628-C3BF-4CAB-832E-76FD9B7C1F80}.Release|x64.Build.0 = Release|x64
		{322D0628-C3BF-4CAB-832E-76FD9B7C1F80}.Release|x64.Deploy.0 = Release|x64
		{322D0628-C3BF-4CAB-832E-76FD9B7C1F80}.Release|x86.ActiveCfg = Release|x86
		{322D0628-C3BF-4CAB-832E-76FD9B7C1F80}.Release|x86.Build.0 = Release|x86
		{322D0628-C3BF-4CAB-832E-76FD9B7C1F80}.Release|x86.Deploy.0 = Release|x86
		{68541B79-D00A-4462-813A-C67F6B71FACE}.Debug|ARM.ActiveCfg = Debug|ARM
		{68541B79-D00A-4462-813A-C67F6B71FACE}.Debug|ARM.Build.0 = Debug|ARM
		{68541B79-D00A-4462-813A-C67F6B71FACE}.Debug|ARM.Deploy.0 = Debug|ARM
		{68541B79-D00A-4462-813A-C67F6B71FACE}.Debug|x64.ActiveCfg = Debug|x64
		{68541B79-D00A-4462-813A-C67F6B71FACE}.Debug|x64.Build.0 = Debug|x64
		{68541B79-D00A-4462-813A-C67F6B71FACE}.Debug|x64.Deploy.0 = Debug|x64
		{68541B79-D00A-4462-813A-C67F6B71FACE}.Debug|x86.ActiveCfg = Debug|x86
		{68541B79-D00A-4462-813A-C67F6B71FACE}.Debug|x86.Build.0 = Debug|x86
		{68541B79-D00A-4462-813A-C67F6B71FACE}.Debug|x86.Deploy.0 = Debug|x86
		{68541B79-D00A-4462-813A-C67F6B71FACE}.Release|ARM.ActiveCfg = Release|ARM
		{68541B79-D00A-4462-813A-C67F6B71FACE}.Release|ARM.Build.0 = Release|ARM
		{68541B79-D00A-4462-813A-C67F6B71FACE}.Release|ARM.Deploy.0 = Release|ARM
		{68541B79-D00A-4462-813A-C67F6B71FACE}.Release|x64.ActiveCfg = Release|x64
		{68541B79-D00A-4462-813A-C67F6B71FACE}.Release|x64.Build.0 = Release|x64
		{68541B79-D00A-4462-813A-C67F6B71FACE}.Release|x64.Deploy.0 = Release|x64
		{68541B79-D00A-4462-813A-C67F6B71FACE}.Release|x86.ActiveCfg = Release|x86
		{68541B79-D00A-4462-813A-C67F6B71FACE}.Release|x86.Build.0 = Release|x86
		{68541B79-D00A-4462-813A-C67F6B71FACE}.Release|x86.Deploy.0 = Release|x86
	EndGlobalSection
	GlobalSection(SolutionProperties) = preSolution
		HideSolutionNode = FALSE
	EndGlobalSection
EndGlobal
